
Microsoft Visual Studio Solution File, Format Version 12.00
# Visual Studio 14
VisualStudioVersion = 14.0.24720.0
MinimumVisualStudioVersion = 10.0.40219.1
Project("{FAE04EC0-301F-11D3-BF4B-00C04F79EFBC}") = "StashNagSvc", "StashNagSvc\StashNagSvc.csproj", "{2A2F8C7E-8FEB-4967-9871-F56EA569F38F}"
EndProject
Global
	GlobalSection(SolutionConfigurationPlatforms) = preSolution
		Debug|Any CPU = Debug|Any CPU
		Release|Any CPU = Release|Any CPU
	EndGlobalSection
	GlobalSection(ProjectConfigurationPlatforms) = postSolution
		{2A2F8C7E-8FEB-4967-9871-F56EA569F38F}.Debug|Any CPU.ActiveCfg = Debug|Any CPU
		{2A2F8C7E-8FEB-4967-9871-F56EA569F38F}.Debug|Any CPU.Build.0 = Debug|Any CPU
		{2A2F8C7E-8FEB-4967-9871-F56EA569F38F}.Release|Any CPU.ActiveCfg = Release|Any CPU
		{2A2F8C7E-8FEB-4967-9871-F56EA569F38F}.Release|Any CPU.Build.0 = Release|Any CPU
		{149CE380-85E4-4FF9-9F1C-4D26DCD6A2C5}.Debug|Any CPU.ActiveCfg = Debug|Any CPU
		{149CE380-85E4-4FF9-9F1C-4D26DCD6A2C5}.Debug|Any CPU.Build.0 = Debug|Any CPU
		{149CE380-85E4-4FF9-9F1C-4D26DCD6A2C5}.Release|Any CPU.ActiveCfg = Release|Any CPU
		{149CE380-85E4-4FF9-9F1C-4D26DCD6A2C5}.Release|Any CPU.Build.0 = Release|Any CPU
	EndGlobalSection
	GlobalSection(SolutionProperties) = preSolution
		HideSolutionNode = FALSE
	EndGlobalSection
EndGlobal
